
Microsoft Visual Studio Solution File, Format Version 12.00
# Visual Studio 15
VisualStudioVersion = 15.0.27428.2002
MinimumVisualStudioVersion = 10.0.40219.1
Project("{FAE04EC0-301F-11D3-BF4B-00C04F79EFBC}") = "TestLeftBase", "TestLeftBase\TestLeftBase.csproj", "{7C8D9CED-B73C-49A8-B168-5BBFE0FFED15}"
EndProject
Project("{FAE04EC0-301F-11D3-BF4B-00C04F79EFBC}") = "UI_Tests", "UI_Tests\UI_Tests.csproj", "{8BF76EB4-CC36-49EA-931C-C6C3F1689EBB}"
EndProject
Global
	GlobalSection(SolutionConfigurationPlatforms) = preSolution
		Debug|Any CPU = Debug|Any CPU
		Release|Any CPU = Release|Any CPU
	EndGlobalSection
	GlobalSection(ProjectConfigurationPlatforms) = postSolution
		{7C8D9CED-B73C-49A8-B168-5BBFE0FFED15}.Debug|Any CPU.ActiveCfg = Debug|Any CPU
		{7C8D9CED-B73C-49A8-B168-5BBFE0FFED15}.Debug|Any CPU.Build.0 = Debug|Any CPU
		{7C8D9CED-B73C-49A8-B168-5BBFE0FFED15}.Release|Any CPU.ActiveCfg = Release|Any CPU
		{7C8D9CED-B73C-49A8-B168-5BBFE0FFED15}.Release|Any CPU.Build.0 = Release|Any CPU
		{8BF76EB4-CC36-49EA-931C-C6C3F1689EBB}.Debug|Any CPU.ActiveCfg = Debug|Any CPU
		{8BF76EB4-CC36-49EA-931C-C6C3F1689EBB}.Debug|Any CPU.Build.0 = Debug|Any CPU
		{8BF76EB4-CC36-49EA-931C-C6C3F1689EBB}.Release|Any CPU.ActiveCfg = Release|Any CPU
		{8BF76EB4-CC36-49EA-931C-C6C3F1689EBB}.Release|Any CPU.Build.0 = Release|Any CPU
	EndGlobalSection
	GlobalSection(SolutionProperties) = preSolution
		HideSolutionNode = FALSE
	EndGlobalSection
	GlobalSection(ExtensibilityGlobals) = postSolution
		SolutionGuid = {F4BDC0B4-3375-43AF-AB9C-A1789FFE8C6B}
	EndGlobalSection
EndGlobal
